
Microsoft Visual Studio Solution File, Format Version 12.00
# Visual Studio Version 17
VisualStudioVersion = 17.0.31903.59
MinimumVisualStudioVersion = 10.0.40219.1
Project("{FAE04EC0-301F-11D3-BF4B-00C04F79EFBC}") = "FlightStatus.Api", "FlightStatus.Api\FlightStatus.Api.csproj", "{51CB8FE6-4E76-4384-BE59-C7A577313565}"
EndProject
Project("{FAE04EC0-301F-11D3-BF4B-00C04F79EFBC}") = "FlightStatus.Tests", "FlightStatus.Tests\FlightStatus.Tests.csproj", "{689C821A-1DC5-42B0-B3D7-A0D15EC2D075}"
EndProject
Global
	GlobalSection(SolutionConfigurationPlatforms) = preSolution
		Debug|Any CPU = Debug|Any CPU
		Release|Any CPU = Release|Any CPU
	EndGlobalSection
	GlobalSection(SolutionProperties) = preSolution
		HideSolutionNode = FALSE
	EndGlobalSection
	GlobalSection(ProjectConfigurationPlatforms) = postSolution
		{51CB8FE6-4E76-4384-BE59-C7A577313565}.Debug|Any CPU.ActiveCfg = Debug|Any CPU
		{51CB8FE6-4E76-4384-BE59-C7A577313565}.Debug|Any CPU.Build.0 = Debug|Any CPU
		{51CB8FE6-4E76-4384-BE59-C7A577313565}.Release|Any CPU.ActiveCfg = Release|Any CPU
		{51CB8FE6-4E76-4384-BE59-C7A577313565}.Release|Any CPU.Build.0 = Release|Any CPU
		{689C821A-1DC5-42B0-B3D7-A0D15EC2D075}.Debug|Any CPU.ActiveCfg = Debug|Any CPU
		{689C821A-1DC5-42B0-B3D7-A0D15EC2D075}.Debug|Any CPU.Build.0 = Debug|Any CPU
		{689C821A-1DC5-42B0-B3D7-A0D15EC2D075}.Release|Any CPU.ActiveCfg = Release|Any CPU
		{689C821A-1DC5-42B0-B3D7-A0D15EC2D075}.Release|Any CPU.Build.0 = Release|Any CPU
	EndGlobalSection
EndGlobal
